
Microsoft Visual Studio Solution File, Format Version 12.00
# Visual Studio Version 17
VisualStudioVersion = 17.14.36408.4
MinimumVisualStudioVersion = 10.0.40219.1
Project("{FAE04EC0-301F-11D3-BF4B-00C04F79EFBC}") = "WebApplication3", "WebApplication3\WebApplication3.csproj", "{C9D62A08-181F-45D1-B560-B00702FB9BC1}"
EndProject
Project("{FAE04EC0-301F-11D3-BF4B-00C04F79EFBC}") = "DataAccess", "DataAccess\DataAccess.csproj", "{410741E7-AD1C-464B-AA84-00D20319D3E2}"
EndProject
Global
	GlobalSection(SolutionConfigurationPlatforms) = preSolution
		Debug|Any CPU = Debug|Any CPU
		Release|Any CPU = Release|Any CPU
	EndGlobalSection
	GlobalSection(ProjectConfigurationPlatforms) = postSolution
		{C9D62A08-181F-45D1-B560-B00702FB9BC1}.Debug|Any CPU.ActiveCfg = Debug|Any CPU
		{C9D62A08-181F-45D1-B560-B00702FB9BC1}.Debug|Any CPU.Build.0 = Debug|Any CPU
		{C9D62A08-181F-45D1-B560-B00702FB9BC1}.Release|Any CPU.ActiveCfg = Release|Any CPU
		{C9D62A08-181F-45D1-B560-B00702FB9BC1}.Release|Any CPU.Build.0 = Release|Any CPU
		{410741E7-AD1C-464B-AA84-00D20319D3E2}.Debug|Any CPU.ActiveCfg = Debug|Any CPU
		{410741E7-AD1C-464B-AA84-00D20319D3E2}.Debug|Any CPU.Build.0 = Debug|Any CPU
		{410741E7-AD1C-464B-AA84-00D20319D3E2}.Release|Any CPU.ActiveCfg = Release|Any CPU
		{410741E7-AD1C-464B-AA84-00D20319D3E2}.Release|Any CPU.Build.0 = Release|Any CPU
	EndGlobalSection
	GlobalSection(SolutionProperties) = preSolution
		HideSolutionNode = FALSE
	EndGlobalSection
	GlobalSection(ExtensibilityGlobals) = postSolution
		SolutionGuid = {D17391E5-CF11-4BB5-969D-6EAD32DCA924}
	EndGlobalSection
EndGlobal
